// !$*UTF8*$!
{
	archiveVersion = 1;
	classes = {
	};
	objectVersion = 46;
	objects = {

/* Begin PBXBuildFile section */
		B97A8A531E023FA0006A89EB /* main.m in Sources */ = {isa = PBXBuildFile; fileRef = B97A8A521E023FA0006A89EB /* main.m */; };
		B97A8A561E023FA0006A89EB /* AppDelegate.m in Sources */ = {isa = PBXBuildFile; fileRef = B97A8A551E023FA0006A89EB /* AppDelegate.m */; };
		B97A8A591E023FA0006A89EB /* ViewController.m in Sources */ = {isa = PBXBuildFile; fileRef = B97A8A581E023FA0006A89EB /* ViewController.m */; };
		B97A8A5C1E023FA0006A89EB /* Main.storyboard in Resources */ = {isa = PBXBuildFile; fileRef = B97A8A5A1E023FA0006A89EB /* Main.storyboard */; };
		B97A8A5E1E023FA0006A89EB /* Assets.xcassets in Resources */ = {isa = PBXBuildFile; fileRef = B97A8A5D1E023FA0006A89EB /* Assets.xcassets */; };
		B97A8A611E023FA0006A89EB /* LaunchScreen.storyboard in Resources */ = {isa = PBXBuildFile; fileRef = B97A8A5F1E023FA0006A89EB /* LaunchScreen.storyboard */; };
		B97A8A6A1E024096006A89EB /* CrashHandler.m in Sources */ = {isa = PBXBuildFile; fileRef = B97A8A691E024096006A89EB /* CrashHandler.m */; };
/* End PBXBuildFile section */

/* Begin PBXFileReference section */
		B97A8A4E1E023FA0006A89EB /* RunLoopDemo04.app */ = {isa = PBXFileReference; explicitFileType = wrapper.application; includeInIndex = 0; path = RunLoopDemo04.app; sourceTree = BUILT_PRODUCTS_DIR; };
		B97A8A521E023FA0006A89EB /* main.m */ = {isa = PBXFileReference; lastKnownFileType = sourcecode.c.objc; path = main.m; sourceTree = "<group>"; };
		B97A8A541E023FA0006A89EB /* AppDelegate.h */ = {isa = PBXFileReference; lastKnownFileType = sourcecode.c.h; path = AppDelegate.h; sourceTree = "<group>"; };
		B97A8A551E023FA0006A89EB /* AppDelegate.m */ = {isa = PBXFileReference; lastKnownFileType = sourcecode.c.objc; path = AppDelegate.m; sourceTree = "<group>"; };
		B97A8A571E023FA0006A89EB /* ViewController.h */ = {isa = PBXFileReference; lastKnownFileType = sourcecode.c.h; path = ViewController.h; sourceTree = "<group>"; };
		B97A8A581E023FA0006A89EB /* ViewController.m */ = {isa = PBXFileReference; lastKnownFileType = sourcecode.c.objc; path = ViewController.m; sourceTree = "<group>"; };
		B97A8A5B1E023FA0006A89EB /* Base */ = {isa = PBXFileReference; lastKnownFileType = file.storyboard; name = Base; path = Base.lproj/Main.storyboard; sourceTree = "<group>"; };
		B97A8A5D1E023FA0006A89EB /* Assets.xcassets */ = {isa = PBXFileReference; lastKnownFileType = folder.assetcatalog; path = Assets.xcassets; sourceTree = "<group>"; };
		B97A8A601E023FA0006A89EB /* Base */ = {isa = PBXFileReference; lastKnownFileType = file.storyboard; name = Base; path = Base.lproj/LaunchScreen.storyboard; sourceTree = "<group>"; };
		B97A8A621E023FA0006A89EB /* Info.plist */ = {isa = PBXFileReference; lastKnownFileType = text.plist.xml; path = Info.plist; sourceTree = "<group>"; };
		B97A8A681E024096006A89EB /* CrashHandler.h */ = {isa = PBXFileReference; fileEncoding = 4; lastKnownFileType = sourcecode.c.h; path = CrashHandler.h; sourceTree = "<group>"; };
		B97A8A691E024096006A89EB /* CrashHandler.m */ = {isa = PBXFileReference; fileEncoding = 4; lastKnownFileType = sourcecode.c.objc; path = CrashHandler.m; sourceTree = "<group>"; };
/* End PBXFileReference section */

/* Begin PBXFrameworksBuildPhase section */
		B97A8A4B1E023FA0006A89EB /* Frameworks */ = {
			isa = PBXFrameworksBuildPhase;
			buildActionMask = 2147483647;
			files = (
			);
			runOnlyForDeploymentPostprocessing = 0;
		};
/* End PBXFrameworksBuildPhase section */

/* Begin PBXGroup section */
		B97A8A451E023FA0006A89EB = {
			isa = PBXGroup;
			children = (
				B97A8A501E023FA0006A89EB /* RunLoopDemo04 */,
				B97A8A4F1E023FA0006A89EB /* Products */,
			);
			sourceTree = "<group>";
		};
		B97A8A4F1E023FA0006A89EB /* Products */ = {
			isa = PBXGroup;
			children = (
				B97A8A4E1E023FA0006A89EB /* RunLoopDemo04.app */,
			);
			name = Products;
			sourceTree = "<group>";
		};
		B97A8A501E023FA0006A89EB /* RunLoopDemo04 */ = {
			isa = PBXGroup;
			children = (
				B97A8A541E023FA0006A89EB /* AppDelegate.h */,
				B97A8A551E023FA0006A89EB /* AppDelegate.m */,
				B97A8A571E023FA0006A89EB /* ViewController.h */,
				B97A8A581E023FA0006A89EB /* ViewController.m */,
				B97A8A681E024096006A89EB /* CrashHandler.h */,
				B97A8A691E024096006A89EB /* CrashHandler.m */,
				B97A8A511E023FA0006A89EB /* Supporting Files */,
			);
			path = RunLoopDemo04;
			sourceTree = "<group>";
		};
		B97A8A511E023FA0006A89EB /* Supporting Files */ = {
			isa = PBXGroup;
			children = (
				B97A8A5A1E023FA0006A89EB /* Main.storyboard */,
				B97A8A5D1E023FA0006A89EB /* Assets.xcassets */,
				B97A8A5F1E023FA0006A89EB /* LaunchScreen.storyboard */,
				B97A8A621E023FA0006A89EB /* Info.plist */,
				B97A8A521E023FA0006A89EB /* main.m */,
			);
			name = "Supporting Files";
			sourceTree = "<group>";
		};
/* End PBXGroup section */

/* Begin PBXNativeTarget section */
		B97A8A4D1E023FA0006A89EB /* RunLoopDemo04 */ = {
			isa = PBXNativeTarget;
			buildConfigurationList = B97A8A651E023FA0006A89EB /* Build configuration list for PBXNativeTarget "RunLoopDemo04" */;
			buildPhases = (
				B97A8A4A1E023FA0006A89EB /* Sources */,
				B97A8A4B1E023FA0006A89EB /* Frameworks */,
				B97A8A4C1E023FA0006A89EB /* Resources */,
			);
			buildRules = (
			);
			dependencies = (
			);
			name = RunLoopDemo04;
			productName = RunLoopDemo04;
			productReference = B97A8A4E1E023FA0006A89EB /* RunLoopDemo04.app */;
			productType = "com.apple.product-type.application";
		};
/* End PBXNativeTarget section */

/* Begin PBXProject section */
		B97A8A461E023FA0006A89EB /* Project object */ = {
			isa = PBXProject;
			attributes = {
				LastUpgradeCheck = 0810;
				ORGANIZATIONNAME = Haley;
				TargetAttributes = {
					B97A8A4D1E023FA0006A89EB = {
						CreatedOnToolsVersion = 8.1;
						ProvisioningStyle = Automatic;
					};
				};
			};
			buildConfigurationList = B97A8A491E023FA0006A89EB /* Build configuration list for PBXProject "RunLoopDemo04" */;
			compatibilityVersion = "Xcode 3.2";
			developmentRegion = English;
			hasScannedForEncodings = 0;
			knownRegions = (
				en,
				Base,
			);
			mainGroup = B97A8A451E023FA0006A89EB;
			productRefGroup = B97A8A4F1E023FA0006A89EB /* Products */;
			projectDirPath = "";
			projectRoot = "";
			targets = (
				B97A8A4D1E023FA0006A89EB /* RunLoopDemo04 */,
			);
		};
/* End PBXProject section */

/* Begin PBXResourcesBuildPhase section */
		B97A8A4C1E023FA0006A89EB /* Resources */ = {
			isa = PBXResourcesBuildPhase;
			buildActionMask = 2147483647;
			files = (
				B97A8A611E023FA0006A89EB /* LaunchScreen.storyboard in Resources */,
				B97A8A5E1E023FA0006A89EB /* Assets.xcassets in Resources */,
				B97A8A5C1E023FA0006A89EB /* Main.storyboard in Resources */,
			);
			runOnlyForDeploymentPostprocessing = 0;
		};
/* End PBXResourcesBuildPhase section */

/* Begin PBXSourcesBuildPhase section */
		B97A8A4A1E023FA0006A89EB /* Sources */ = {
			isa = PBXSourcesBuildPhase;
			buildActionMask = 2147483647;
			files = (
				B97A8A6A1E024096006A89EB /* CrashHandler.m in Sources */,
				B97A8A591E023FA0006A89EB /* ViewController.m in Sources */,
				B97A8A561E023FA0006A89EB /* AppDelegate.m in Sources */,
				B97A8A531E023FA0006A89EB /* main.m in Sources */,
			);
			runOnlyForDeploymentPostprocessing = 0;
		};
/* End PBXSourcesBuildPhase section */

/* Begin PBXVariantGroup section */
		B97A8A5A1E023FA0006A89EB /* Main.storyboard */ = {
			isa = PBXVariantGroup;
			children = (
				B97A8A5B1E023FA0006A89EB /* Base */,
			);
			name = Main.storyboard;
			sourceTree = "<group>";
		};
		B97A8A5F1E023FA0006A89EB /* LaunchScreen.storyboard */ = {
			isa = PBXVariantGroup;
			children = (
				B97A8A601E023FA0006A89EB /* Base */,
			);
			name = LaunchScreen.storyboard;
			sourceTree = "<group>";
		};
/* End PBXVariantGroup section */

/* Begin XCBuildConfiguration section */
		B97A8A631E023FA0006A89EB /* Debug */ = {
			isa = XCBuildConfiguration;
			buildSettings = {
				ALWAYS_SEARCH_USER_PATHS = NO;
				CLANG_ANALYZER_NONNULL = YES;
				CLANG_CXX_LANGUAGE_STANDARD = "gnu++0x";
				CLANG_CXX_LIBRARY = "libc++";
				CLANG_ENABLE_MODULES = YES;
				CLANG_ENABLE_OBJC_ARC = YES;
				CLANG_WARN_BOOL_CONVERSION = YES;
				CLANG_WARN_CONSTANT_CONVERSION = YES;
				CLANG_WARN_DIRECT_OBJC_ISA_USAGE = YES_ERROR;
				CLANG_WARN_DOCUMENTATION_COMMENTS = YES;
				CLANG_WARN_EMPTY_BODY = YES;
				CLANG_WARN_ENUM_CONVERSION = YES;
				CLANG_WARN_INFINITE_RECURSION = YES;
				CLANG_WARN_INT_CONVERSION = YES;
				CLANG_WARN_OBJC_ROOT_CLASS = YES_ERROR;
				CLANG_WARN_SUSPICIOUS_MOVES = YES;
				CLANG_WARN_UNREACHABLE_CODE = YES;
				CLANG_WARN__DUPLICATE_METHOD_MATCH = YES;
				"CODE_SIGN_IDENTITY[sdk=iphoneos*]" = "iPhone Developer";
				COPY_PHASE_STRIP = NO;
				DEBUG_INFORMATION_FORMAT = dwarf;
				ENABLE_STRICT_OBJC_MSGSEND = YES;
				ENABLE_TESTABILITY = YES;
				GCC_C_LANGUAGE_STANDARD = gnu99;
				GCC_DYNAMIC_NO_PIC = NO;
				GCC_NO_COMMON_BLOCKS = YES;
				GCC_OPTIMIZATION_LEVEL = 0;
				GCC_PREPROCESSOR_DEFINITIONS = (
					"DEBUG=1",
					"$(inherited)",
				);
				GCC_WARN_64_TO_32_BIT_CONVERSION = YES;
				GCC_WARN_ABOUT_RETURN_TYPE = YES_ERROR;
				GCC_WARN_UNDECLARED_SELECTOR = YES;
				GCC_WARN_UNINITIALIZED_AUTOS = YES_AGGRESSIVE;
				GCC_WARN_UNUSED_FUNCTION = YES;
				GCC_WARN_UNUSED_VARIABLE = YES;
				IPHONEOS_DEPLOYMENT_TARGET = 8.0;
				MTL_ENABLE_DEBUG_INFO = YES;
				ONLY_ACTIVE_ARCH = YES;
				SDKROOT = iphoneos;
			};
			name = Debug;
		};
		B97A8A641E023FA0006A89EB /* Release */ = {
			isa = XCBuildConfiguration;
			buildSettings = {
				ALWAYS_SEARCH_USER_PATHS = NO;
				CLANG_ANALYZER_NONNULL = YES;
				CLANG_CXX_LANGUAGE_STANDARD = "gnu++0x";
				CLANG_CXX_LIBRARY = "libc++";
				CLANG_ENABLE_MODULES = YES;
				CLANG_ENABLE_OBJC_ARC = YES;
				CLANG_WARN_BOOL_CONVERSION = YES;
				CLANG_WARN_CONSTANT_CONVERSION = YES;
				CLANG_WARN_DIRECT_OBJC_ISA_USAGE = YES_ERROR;
				CLANG_WARN_DOCUMENTATION_COMMENTS = YES;
				CLANG_WARN_EMPTY_BODY = YES;
				CLANG_WARN_ENUM_CONVERSION = YES;
				CLANG_WARN_INFINITE_RECURSION = YES;
				CLANG_WARN_INT_CONVERSION = YES;
				CLANG_WARN_OBJC_ROOT_CLASS = YES_ERROR;
				CLANG_WARN_SUSPICIOUS_MOVES = YES;
				CLANG_WARN_UNREACHABLE_CODE = YES;
				CLANG_WARN__DUPLICATE_METHOD_MATCH = YES;
				"CODE_SIGN_IDENTITY[sdk=iphoneos*]" = "iPhone Developer";
				COPY_PHASE_STRIP = NO;
				DEBUG_INFORMATION_FORMAT = "dwarf-with-dsym";
				ENABLE_NS_ASSERTIONS = NO;
				ENABLE_STRICT_OBJC_MSGSEND = YES;
				GCC_C_LANGUAGE_STANDARD = gnu99;
				GCC_NO_COMMON_BLOCKS = YES;
				GCC_WARN_64_TO_32_BIT_CONVERSION = YES;
				GCC_WARN_ABOUT_RETURN_TYPE = YES_ERROR;
				GCC_WARN_UNDECLARED_SELECTOR = YES;
				GCC_WARN_UNINITIALIZED_AUTOS = YES_AGGRESSIVE;
				GCC_WARN_UNUSED_FUNCTION = YES;
				GCC_WARN_UNUSED_VARIABLE = YES;
				IPHONEOS_DEPLOYMENT_TARGET = 8.0;
				MTL_ENABLE_DEBUG_INFO = NO;
				SDKROOT = iphoneos;
				VALIDATE_PRODUCT = YES;
			};
			name = Release;
		};
		B97A8A661E023FA0006A89EB /* Debug */ = {
			isa = XCBuildConfiguration;
			buildSettings = {
				ASSETCATALOG_COMPILER_APPICON_NAME = AppIcon;
				INFOPLIST_FILE = RunLoopDemo04/Info.plist;
				LD_RUNPATH_SEARCH_PATHS = "$(inherited) @executable_path/Frameworks";
				PRODUCT_BUNDLE_IDENTIFIER = com.Haley.RunLoopDemo04;
				PRODUCT_NAME = "$(TARGET_NAME)";
			};
			name = Debug;
		};
		B97A8A671E023FA0006A89EB /* Release */ = {
			isa = XCBuildConfiguration;
			buildSettings = {
				ASSETCATALOG_COMPILER_APPICON_NAME = AppIcon;
				INFOPLIST_FILE = RunLoopDemo04/Info.plist;
				LD_RUNPATH_SEARCH_PATHS = "$(inherited) @executable_path/Frameworks";
				PRODUCT_BUNDLE_IDENTIFIER = com.Haley.RunLoopDemo04;
				PRODUCT_NAME = "$(TARGET_NAME)";
			};
			name = Release;
		};
/* End XCBuildConfiguration section */

/* Begin XCConfigurationList section */
		B97A8A491E023FA0006A89EB /* Build configuration list for PBXProject "RunLoopDemo04" */ = {
			isa = XCConfigurationList;
			buildConfigurations = (
				B97A8A631E023FA0006A89EB /* Debug */,
				B97A8A641E023FA0006A89EB /* Release */,
			);
			defaultConfigurationIsVisible = 0;
			defaultConfigurationName = Release;
		};
		B97A8A651E023FA0006A89EB /* Build configuration list for PBXNativeTarget "RunLoopDemo04" */ = {
			isa = XCConfigurationList;
			buildConfigurations = (
				B97A8A661E023FA0006A89EB /* Debug */,
				B97A8A671E023FA0006A89EB /* Release */,
			);
			defaultConfigurationIsVisible = 0;
		};
/* End XCConfigurationList section */
	};
	rootObject = B97A8A461E023FA0006A89EB /* Project object */;
}
