// !$*UTF8*$!
{
	archiveVersion = 1;
	classes = {
	};
	objectVersion = 46;
	objects = {

/* Begin PBXBuildFile section */
		B9733A681E0117C600E89F5D /* main.m in Sources */ = {isa = PBXBuildFile; fileRef = B9733A671E0117C600E89F5D /* main.m */; };
		B9733A6B1E0117C600E89F5D /* AppDelegate.m in Sources */ = {isa = PBXBuildFile; fileRef = B9733A6A1E0117C600E89F5D /* AppDelegate.m */; };
		B9733A6E1E0117C600E89F5D /* ViewController.m in Sources */ = {isa = PBXBuildFile; fileRef = B9733A6D1E0117C600E89F5D /* ViewController.m */; };
		B9733A711E0117C600E89F5D /* Main.storyboard in Resources */ = {isa = PBXBuildFile; fileRef = B9733A6F1E0117C600E89F5D /* Main.storyboard */; };
		B9733A731E0117C600E89F5D /* Assets.xcassets in Resources */ = {isa = PBXBuildFile; fileRef = B9733A721E0117C600E89F5D /* Assets.xcassets */; };
		B9733A761E0117C600E89F5D /* LaunchScreen.storyboard in Resources */ = {isa = PBXBuildFile; fileRef = B9733A741E0117C600E89F5D /* LaunchScreen.storyboard */; };
		B9733A7F1E01188000E89F5D /* FluencyMonitor.m in Sources */ = {isa = PBXBuildFile; fileRef = B9733A7E1E01188000E89F5D /* FluencyMonitor.m */; };
		B97405EC1E0139B1008FFA3C /* spaceship.jpg in Resources */ = {isa = PBXBuildFile; fileRef = B97405EB1E0139B1008FFA3C /* spaceship.jpg */; };
		B97A8A441E02206D006A89EB /* CrashReporter.framework in Frameworks */ = {isa = PBXBuildFile; fileRef = B97A8A431E02206D006A89EB /* CrashReporter.framework */; };
/* End PBXBuildFile section */

/* Begin PBXFileReference section */
		B9733A631E0117C600E89F5D /* RunLoopDemo03.app */ = {isa = PBXFileReference; explicitFileType = wrapper.application; includeInIndex = 0; path = RunLoopDemo03.app; sourceTree = BUILT_PRODUCTS_DIR; };
		B9733A671E0117C600E89F5D /* main.m */ = {isa = PBXFileReference; lastKnownFileType = sourcecode.c.objc; path = main.m; sourceTree = "<group>"; };
		B9733A691E0117C600E89F5D /* AppDelegate.h */ = {isa = PBXFileReference; lastKnownFileType = sourcecode.c.h; path = AppDelegate.h; sourceTree = "<group>"; };
		B9733A6A1E0117C600E89F5D /* AppDelegate.m */ = {isa = PBXFileReference; lastKnownFileType = sourcecode.c.objc; path = AppDelegate.m; sourceTree = "<group>"; };
		B9733A6C1E0117C600E89F5D /* ViewController.h */ = {isa = PBXFileReference; lastKnownFileType = sourcecode.c.h; path = ViewController.h; sourceTree = "<group>"; };
		B9733A6D1E0117C600E89F5D /* ViewController.m */ = {isa = PBXFileReference; lastKnownFileType = sourcecode.c.objc; path = ViewController.m; sourceTree = "<group>"; };
		B9733A701E0117C600E89F5D /* Base */ = {isa = PBXFileReference; lastKnownFileType = file.storyboard; name = Base; path = Base.lproj/Main.storyboard; sourceTree = "<group>"; };
		B9733A721E0117C600E89F5D /* Assets.xcassets */ = {isa = PBXFileReference; lastKnownFileType = folder.assetcatalog; path = Assets.xcassets; sourceTree = "<group>"; };
		B9733A751E0117C600E89F5D /* Base */ = {isa = PBXFileReference; lastKnownFileType = file.storyboard; name = Base; path = Base.lproj/LaunchScreen.storyboard; sourceTree = "<group>"; };
		B9733A771E0117C600E89F5D /* Info.plist */ = {isa = PBXFileReference; lastKnownFileType = text.plist.xml; path = Info.plist; sourceTree = "<group>"; };
		B9733A7D1E01188000E89F5D /* FluencyMonitor.h */ = {isa = PBXFileReference; fileEncoding = 4; lastKnownFileType = sourcecode.c.h; path = FluencyMonitor.h; sourceTree = "<group>"; };
		B9733A7E1E01188000E89F5D /* FluencyMonitor.m */ = {isa = PBXFileReference; fileEncoding = 4; lastKnownFileType = sourcecode.c.objc; path = FluencyMonitor.m; sourceTree = "<group>"; };
		B97405EB1E0139B1008FFA3C /* spaceship.jpg */ = {isa = PBXFileReference; lastKnownFileType = image.jpeg; path = spaceship.jpg; sourceTree = "<group>"; };
		B97A8A431E02206D006A89EB /* CrashReporter.framework */ = {isa = PBXFileReference; lastKnownFileType = wrapper.framework; path = CrashReporter.framework; sourceTree = "<group>"; };
/* End PBXFileReference section */

/* Begin PBXFrameworksBuildPhase section */
		B9733A601E0117C500E89F5D /* Frameworks */ = {
			isa = PBXFrameworksBuildPhase;
			buildActionMask = 2147483647;
			files = (
				B97A8A441E02206D006A89EB /* CrashReporter.framework in Frameworks */,
			);
			runOnlyForDeploymentPostprocessing = 0;
		};
/* End PBXFrameworksBuildPhase section */

/* Begin PBXGroup section */
		B9733A5A1E0117C500E89F5D = {
			isa = PBXGroup;
			children = (
				B9733A651E0117C600E89F5D /* RunLoopDemo03 */,
				B9733A641E0117C600E89F5D /* Products */,
			);
			sourceTree = "<group>";
		};
		B9733A641E0117C600E89F5D /* Products */ = {
			isa = PBXGroup;
			children = (
				B9733A631E0117C600E89F5D /* RunLoopDemo03.app */,
			);
			name = Products;
			sourceTree = "<group>";
		};
		B9733A651E0117C600E89F5D /* RunLoopDemo03 */ = {
			isa = PBXGroup;
			children = (
				B97A8A421E022068006A89EB /* Vendor */,
				B9733A691E0117C600E89F5D /* AppDelegate.h */,
				B9733A6A1E0117C600E89F5D /* AppDelegate.m */,
				B9733A6C1E0117C600E89F5D /* ViewController.h */,
				B9733A6D1E0117C600E89F5D /* ViewController.m */,
				B9733A7D1E01188000E89F5D /* FluencyMonitor.h */,
				B9733A7E1E01188000E89F5D /* FluencyMonitor.m */,
				B9733A661E0117C600E89F5D /* Supporting Files */,
			);
			path = RunLoopDemo03;
			sourceTree = "<group>";
		};
		B9733A661E0117C600E89F5D /* Supporting Files */ = {
			isa = PBXGroup;
			children = (
				B97405EB1E0139B1008FFA3C /* spaceship.jpg */,
				B9733A6F1E0117C600E89F5D /* Main.storyboard */,
				B9733A721E0117C600E89F5D /* Assets.xcassets */,
				B9733A741E0117C600E89F5D /* LaunchScreen.storyboard */,
				B9733A771E0117C600E89F5D /* Info.plist */,
				B9733A671E0117C600E89F5D /* main.m */,
			);
			name = "Supporting Files";
			sourceTree = "<group>";
		};
		B97A8A421E022068006A89EB /* Vendor */ = {
			isa = PBXGroup;
			children = (
				B97A8A431E02206D006A89EB /* CrashReporter.framework */,
			);
			path = Vendor;
			sourceTree = "<group>";
		};
/* End PBXGroup section */

/* Begin PBXNativeTarget section */
		B9733A621E0117C500E89F5D /* RunLoopDemo03 */ = {
			isa = PBXNativeTarget;
			buildConfigurationList = B9733A7A1E0117C600E89F5D /* Build configuration list for PBXNativeTarget "RunLoopDemo03" */;
			buildPhases = (
				B9733A5F1E0117C500E89F5D /* Sources */,
				B9733A601E0117C500E89F5D /* Frameworks */,
				B9733A611E0117C500E89F5D /* Resources */,
			);
			buildRules = (
			);
			dependencies = (
			);
			name = RunLoopDemo03;
			productName = RunLoopDemo03;
			productReference = B9733A631E0117C600E89F5D /* RunLoopDemo03.app */;
			productType = "com.apple.product-type.application";
		};
/* End PBXNativeTarget section */

/* Begin PBXProject section */
		B9733A5B1E0117C500E89F5D /* Project object */ = {
			isa = PBXProject;
			attributes = {
				LastUpgradeCheck = 0810;
				ORGANIZATIONNAME = Haley;
				TargetAttributes = {
					B9733A621E0117C500E89F5D = {
						CreatedOnToolsVersion = 8.1;
						ProvisioningStyle = Automatic;
					};
				};
			};
			buildConfigurationList = B9733A5E1E0117C500E89F5D /* Build configuration list for PBXProject "RunLoopDemo03" */;
			compatibilityVersion = "Xcode 3.2";
			developmentRegion = English;
			hasScannedForEncodings = 0;
			knownRegions = (
				en,
				Base,
			);
			mainGroup = B9733A5A1E0117C500E89F5D;
			productRefGroup = B9733A641E0117C600E89F5D /* Products */;
			projectDirPath = "";
			projectRoot = "";
			targets = (
				B9733A621E0117C500E89F5D /* RunLoopDemo03 */,
			);
		};
/* End PBXProject section */

/* Begin PBXResourcesBuildPhase section */
		B9733A611E0117C500E89F5D /* Resources */ = {
			isa = PBXResourcesBuildPhase;
			buildActionMask = 2147483647;
			files = (
				B97405EC1E0139B1008FFA3C /* spaceship.jpg in Resources */,
				B9733A761E0117C600E89F5D /* LaunchScreen.storyboard in Resources */,
				B9733A731E0117C600E89F5D /* Assets.xcassets in Resources */,
				B9733A711E0117C600E89F5D /* Main.storyboard in Resources */,
			);
			runOnlyForDeploymentPostprocessing = 0;
		};
/* End PBXResourcesBuildPhase section */

/* Begin PBXSourcesBuildPhase section */
		B9733A5F1E0117C500E89F5D /* Sources */ = {
			isa = PBXSourcesBuildPhase;
			buildActionMask = 2147483647;
			files = (
				B9733A7F1E01188000E89F5D /* FluencyMonitor.m in Sources */,
				B9733A6E1E0117C600E89F5D /* ViewController.m in Sources */,
				B9733A6B1E0117C600E89F5D /* AppDelegate.m in Sources */,
				B9733A681E0117C600E89F5D /* main.m in Sources */,
			);
			runOnlyForDeploymentPostprocessing = 0;
		};
/* End PBXSourcesBuildPhase section */

/* Begin PBXVariantGroup section */
		B9733A6F1E0117C600E89F5D /* Main.storyboard */ = {
			isa = PBXVariantGroup;
			children = (
				B9733A701E0117C600E89F5D /* Base */,
			);
			name = Main.storyboard;
			sourceTree = "<group>";
		};
		B9733A741E0117C600E89F5D /* LaunchScreen.storyboard */ = {
			isa = PBXVariantGroup;
			children = (
				B9733A751E0117C600E89F5D /* Base */,
			);
			name = LaunchScreen.storyboard;
			sourceTree = "<group>";
		};
/* End PBXVariantGroup section */

/* Begin XCBuildConfiguration section */
		B9733A781E0117C600E89F5D /* Debug */ = {
			isa = XCBuildConfiguration;
			buildSettings = {
				ALWAYS_SEARCH_USER_PATHS = NO;
				CLANG_ANALYZER_NONNULL = YES;
				CLANG_CXX_LANGUAGE_STANDARD = "gnu++0x";
				CLANG_CXX_LIBRARY = "libc++";
				CLANG_ENABLE_MODULES = YES;
				CLANG_ENABLE_OBJC_ARC = YES;
				CLANG_WARN_BOOL_CONVERSION = YES;
				CLANG_WARN_CONSTANT_CONVERSION = YES;
				CLANG_WARN_DIRECT_OBJC_ISA_USAGE = YES_ERROR;
				CLANG_WARN_DOCUMENTATION_COMMENTS = YES;
				CLANG_WARN_EMPTY_BODY = YES;
				CLANG_WARN_ENUM_CONVERSION = YES;
				CLANG_WARN_INFINITE_RECURSION = YES;
				CLANG_WARN_INT_CONVERSION = YES;
				CLANG_WARN_OBJC_ROOT_CLASS = YES_ERROR;
				CLANG_WARN_SUSPICIOUS_MOVES = YES;
				CLANG_WARN_UNREACHABLE_CODE = YES;
				CLANG_WARN__DUPLICATE_METHOD_MATCH = YES;
				"CODE_SIGN_IDENTITY[sdk=iphoneos*]" = "iPhone Developer";
				COPY_PHASE_STRIP = NO;
				DEBUG_INFORMATION_FORMAT = dwarf;
				ENABLE_STRICT_OBJC_MSGSEND = YES;
				ENABLE_TESTABILITY = YES;
				GCC_C_LANGUAGE_STANDARD = gnu99;
				GCC_DYNAMIC_NO_PIC = NO;
				GCC_NO_COMMON_BLOCKS = YES;
				GCC_OPTIMIZATION_LEVEL = 0;
				GCC_PREPROCESSOR_DEFINITIONS = (
					"DEBUG=1",
					"$(inherited)",
				);
				GCC_WARN_64_TO_32_BIT_CONVERSION = YES;
				GCC_WARN_ABOUT_RETURN_TYPE = YES_ERROR;
				GCC_WARN_UNDECLARED_SELECTOR = YES;
				GCC_WARN_UNINITIALIZED_AUTOS = YES_AGGRESSIVE;
				GCC_WARN_UNUSED_FUNCTION = YES;
				GCC_WARN_UNUSED_VARIABLE = YES;
				IPHONEOS_DEPLOYMENT_TARGET = 8.0;
				MTL_ENABLE_DEBUG_INFO = YES;
				ONLY_ACTIVE_ARCH = YES;
				SDKROOT = iphoneos;
			};
			name = Debug;
		};
		B9733A791E0117C600E89F5D /* Release */ = {
			isa = XCBuildConfiguration;
			buildSettings = {
				ALWAYS_SEARCH_USER_PATHS = NO;
				CLANG_ANALYZER_NONNULL = YES;
				CLANG_CXX_LANGUAGE_STANDARD = "gnu++0x";
				CLANG_CXX_LIBRARY = "libc++";
				CLANG_ENABLE_MODULES = YES;
				CLANG_ENABLE_OBJC_ARC = YES;
				CLANG_WARN_BOOL_CONVERSION = YES;
				CLANG_WARN_CONSTANT_CONVERSION = YES;
				CLANG_WARN_DIRECT_OBJC_ISA_USAGE = YES_ERROR;
				CLANG_WARN_DOCUMENTATION_COMMENTS = YES;
				CLANG_WARN_EMPTY_BODY = YES;
				CLANG_WARN_ENUM_CONVERSION = YES;
				CLANG_WARN_INFINITE_RECURSION = YES;
				CLANG_WARN_INT_CONVERSION = YES;
				CLANG_WARN_OBJC_ROOT_CLASS = YES_ERROR;
				CLANG_WARN_SUSPICIOUS_MOVES = YES;
				CLANG_WARN_UNREACHABLE_CODE = YES;
				CLANG_WARN__DUPLICATE_METHOD_MATCH = YES;
				"CODE_SIGN_IDENTITY[sdk=iphoneos*]" = "iPhone Developer";
				COPY_PHASE_STRIP = NO;
				DEBUG_INFORMATION_FORMAT = "dwarf-with-dsym";
				ENABLE_NS_ASSERTIONS = NO;
				ENABLE_STRICT_OBJC_MSGSEND = YES;
				GCC_C_LANGUAGE_STANDARD = gnu99;
				GCC_NO_COMMON_BLOCKS = YES;
				GCC_WARN_64_TO_32_BIT_CONVERSION = YES;
				GCC_WARN_ABOUT_RETURN_TYPE = YES_ERROR;
				GCC_WARN_UNDECLARED_SELECTOR = YES;
				GCC_WARN_UNINITIALIZED_AUTOS = YES_AGGRESSIVE;
				GCC_WARN_UNUSED_FUNCTION = YES;
				GCC_WARN_UNUSED_VARIABLE = YES;
				IPHONEOS_DEPLOYMENT_TARGET = 8.0;
				MTL_ENABLE_DEBUG_INFO = NO;
				SDKROOT = iphoneos;
				VALIDATE_PRODUCT = YES;
			};
			name = Release;
		};
		B9733A7B1E0117C600E89F5D /* Debug */ = {
			isa = XCBuildConfiguration;
			buildSettings = {
				ASSETCATALOG_COMPILER_APPICON_NAME = AppIcon;
				FRAMEWORK_SEARCH_PATHS = (
					"$(inherited)",
					"$(PROJECT_DIR)/RunLoopDemo03/Vendor",
				);
				INFOPLIST_FILE = RunLoopDemo03/Info.plist;
				LD_RUNPATH_SEARCH_PATHS = "$(inherited) @executable_path/Frameworks";
				PRODUCT_BUNDLE_IDENTIFIER = com.Haley.RunLoopDemo03;
				PRODUCT_NAME = "$(TARGET_NAME)";
			};
			name = Debug;
		};
		B9733A7C1E0117C600E89F5D /* Release */ = {
			isa = XCBuildConfiguration;
			buildSettings = {
				ASSETCATALOG_COMPILER_APPICON_NAME = AppIcon;
				FRAMEWORK_SEARCH_PATHS = (
					"$(inherited)",
					"$(PROJECT_DIR)/RunLoopDemo03/Vendor",
				);
				INFOPLIST_FILE = RunLoopDemo03/Info.plist;
				LD_RUNPATH_SEARCH_PATHS = "$(inherited) @executable_path/Frameworks";
				PRODUCT_BUNDLE_IDENTIFIER = com.Haley.RunLoopDemo03;
				PRODUCT_NAME = "$(TARGET_NAME)";
			};
			name = Release;
		};
/* End XCBuildConfiguration section */

/* Begin XCConfigurationList section */
		B9733A5E1E0117C500E89F5D /* Build configuration list for PBXProject "RunLoopDemo03" */ = {
			isa = XCConfigurationList;
			buildConfigurations = (
				B9733A781E0117C600E89F5D /* Debug */,
				B9733A791E0117C600E89F5D /* Release */,
			);
			defaultConfigurationIsVisible = 0;
			defaultConfigurationName = Release;
		};
		B9733A7A1E0117C600E89F5D /* Build configuration list for PBXNativeTarget "RunLoopDemo03" */ = {
			isa = XCConfigurationList;
			buildConfigurations = (
				B9733A7B1E0117C600E89F5D /* Debug */,
				B9733A7C1E0117C600E89F5D /* Release */,
			);
			defaultConfigurationIsVisible = 0;
			defaultConfigurationName = Release;
		};
/* End XCConfigurationList section */
	};
	rootObject = B9733A5B1E0117C500E89F5D /* Project object */;
}
